
Microsoft Visual Studio Solution File, Format Version 12.00
# Visual Studio Version 17
VisualStudioVersion = 17.1.32210.238
MinimumVisualStudioVersion = 10.0.40219.1
Project("{FAE04EC0-301F-11D3-BF4B-00C04F79EFBC}") = "SimpleVote.UI", "SimpleVote.UI\SimpleVote.UI.csproj", "{7278D11F-4D46-44F4-A3B4-FFA32E25D5BC}"
EndProject
Project("{FAE04EC0-301F-11D3-BF4B-00C04F79EFBC}") = "DomainLayer", "DomainLayer\DomainLayer.csproj", "{7259DF7C-6830-4FEA-9FC9-B7C2183A78D5}"
EndProject
Project("{FAE04EC0-301F-11D3-BF4B-00C04F79EFBC}") = "RepositoryLayer", "RepositoryLayer\RepositoryLayer.csproj", "{25DA73F3-FA58-4410-B114-E7B1890E5675}"
EndProject
Project("{FAE04EC0-301F-11D3-BF4B-00C04F79EFBC}") = "ServiceLayer", "ServiceLayer\ServiceLayer.csproj", "{B66E07D2-6A92-4D18-95F6-308E5225DBE6}"
EndProject
Global
	GlobalSection(SolutionConfigurationPlatforms) = preSolution
		Debug|Any CPU = Debug|Any CPU
		Release|Any CPU = Release|Any CPU
	EndGlobalSection
	GlobalSection(ProjectConfigurationPlatforms) = postSolution
		{7278D11F-4D46-44F4-A3B4-FFA32E25D5BC}.Debug|Any CPU.ActiveCfg = Debug|Any CPU
		{7278D11F-4D46-44F4-A3B4-FFA32E25D5BC}.Debug|Any CPU.Build.0 = Debug|Any CPU
		{7278D11F-4D46-44F4-A3B4-FFA32E25D5BC}.Release|Any CPU.ActiveCfg = Release|Any CPU
		{7278D11F-4D46-44F4-A3B4-FFA32E25D5BC}.Release|Any CPU.Build.0 = Release|Any CPU
		{7259DF7C-6830-4FEA-9FC9-B7C2183A78D5}.Debug|Any CPU.ActiveCfg = Debug|Any CPU
		{7259DF7C-6830-4FEA-9FC9-B7C2183A78D5}.Debug|Any CPU.Build.0 = Debug|Any CPU
		{7259DF7C-6830-4FEA-9FC9-B7C2183A78D5}.Release|Any CPU.ActiveCfg = Release|Any CPU
		{7259DF7C-6830-4FEA-9FC9-B7C2183A78D5}.Release|Any CPU.Build.0 = Release|Any CPU
		{25DA73F3-FA58-4410-B114-E7B1890E5675}.Debug|Any CPU.ActiveCfg = Debug|Any CPU
		{25DA73F3-FA58-4410-B114-E7B1890E5675}.Debug|Any CPU.Build.0 = Debug|Any CPU
		{25DA73F3-FA58-4410-B114-E7B1890E5675}.Release|Any CPU.ActiveCfg = Release|Any CPU
		{25DA73F3-FA58-4410-B114-E7B1890E5675}.Release|Any CPU.Build.0 = Release|Any CPU
		{B66E07D2-6A92-4D18-95F6-308E5225DBE6}.Debug|Any CPU.ActiveCfg = Debug|Any CPU
		{B66E07D2-6A92-4D18-95F6-308E5225DBE6}.Debug|Any CPU.Build.0 = Debug|Any CPU
		{B66E07D2-6A92-4D18-95F6-308E5225DBE6}.Release|Any CPU.ActiveCfg = Release|Any CPU
		{B66E07D2-6A92-4D18-95F6-308E5225DBE6}.Release|Any CPU.Build.0 = Release|Any CPU
	EndGlobalSection
	GlobalSection(SolutionProperties) = preSolution
		HideSolutionNode = FALSE
	EndGlobalSection
	GlobalSection(ExtensibilityGlobals) = postSolution
		SolutionGuid = {BD32C61D-8EE5-47D0-A901-96FA16775692}
	EndGlobalSection
EndGlobal
